
Microsoft Visual Studio Solution File, Format Version 12.00
# Visual Studio Version 16
VisualStudioVersion = 16.0.30406.217
MinimumVisualStudioVersion = 10.0.40219.1
Project("{9A19103F-16F7-4668-BE54-9A1E7A4F7556}") = "EmployeeManagement", "EmployeeManagement\EmployeeManagement.csproj", "{F25353B2-6B56-4C84-AE35-E36A39181442}"
EndProject
Global
	GlobalSection(SolutionConfigurationPlatforms) = preSolution
		Debug|Any CPU = Debug|Any CPU
		Release|Any CPU = Release|Any CPU
	EndGlobalSection
	GlobalSection(ProjectConfigurationPlatforms) = postSolution
		{F25353B2-6B56-4C84-AE35-E36A39181442}.Debug|Any CPU.ActiveCfg = Debug|Any CPU
		{F25353B2-6B56-4C84-AE35-E36A39181442}.Debug|Any CPU.Build.0 = Debug|Any CPU
		{F25353B2-6B56-4C84-AE35-E36A39181442}.Release|Any CPU.ActiveCfg = Release|Any CPU
		{F25353B2-6B56-4C84-AE35-E36A39181442}.Release|Any CPU.Build.0 = Release|Any CPU
	EndGlobalSection
	GlobalSection(SolutionProperties) = preSolution
		HideSolutionNode = FALSE
	EndGlobalSection
	GlobalSection(ExtensibilityGlobals) = postSolution
		SolutionGuid = {3FB88C19-68AA-4558-8454-B38225775995}
	EndGlobalSection
EndGlobal
